
Microsoft Visual Studio Solution File, Format Version 12.00
# Visual Studio 14
VisualStudioVersion = 14.0.25123.0
MinimumVisualStudioVersion = 10.0.40219.1
Project("{FAE04EC0-301F-11D3-BF4B-00C04F79EFBC}") = "WpfLesson10", "WpfLesson10\WpfLesson10.csproj", "{318D7D6B-B306-40E0-A2AF-90C8F158CBAC}"
EndProject
Project("{FAE04EC0-301F-11D3-BF4B-00C04F79EFBC}") = "XmlDataProviderDemo", "XmlDataProviderDemo\XmlDataProviderDemo.csproj", "{58DB6BB9-D27B-4326-8846-6142ED2793F2}"
EndProject
Global
	GlobalSection(SolutionConfigurationPlatforms) = preSolution
		Debug|Any CPU = Debug|Any CPU
		Release|Any CPU = Release|Any CPU
	EndGlobalSection
	GlobalSection(ProjectConfigurationPlatforms) = postSolution
		{318D7D6B-B306-40E0-A2AF-90C8F158CBAC}.Debug|Any CPU.ActiveCfg = Debug|Any CPU
		{318D7D6B-B306-40E0-A2AF-90C8F158CBAC}.Debug|Any CPU.Build.0 = Debug|Any CPU
		{318D7D6B-B306-40E0-A2AF-90C8F158CBAC}.Release|Any CPU.ActiveCfg = Release|Any CPU
		{318D7D6B-B306-40E0-A2AF-90C8F158CBAC}.Release|Any CPU.Build.0 = Release|Any CPU
		{58DB6BB9-D27B-4326-8846-6142ED2793F2}.Debug|Any CPU.ActiveCfg = Debug|Any CPU
		{58DB6BB9-D27B-4326-8846-6142ED2793F2}.Debug|Any CPU.Build.0 = Debug|Any CPU
		{58DB6BB9-D27B-4326-8846-6142ED2793F2}.Release|Any CPU.ActiveCfg = Release|Any CPU
		{58DB6BB9-D27B-4326-8846-6142ED2793F2}.Release|Any CPU.Build.0 = Release|Any CPU
	EndGlobalSection
	GlobalSection(SolutionProperties) = preSolution
		HideSolutionNode = FALSE
	EndGlobalSection
EndGlobal
