
Microsoft Visual Studio Solution File, Format Version 12.00
# Visual Studio 14
VisualStudioVersion = 14.0.25123.0
MinimumVisualStudioVersion = 10.0.40219.1
Project("{FAE04EC0-301F-11D3-BF4B-00C04F79EFBC}") = "TemplatesDemo", "TemplatesDemo\TemplatesDemo.csproj", "{94D78188-C056-419F-B94D-C66561CE2FC3}"
EndProject
Project("{FAE04EC0-301F-11D3-BF4B-00C04F79EFBC}") = "ButtonTemplateDemo", "ButtonTemplateDemo\ButtonTemplateDemo.csproj", "{7235A51C-EA8A-4748-9ABE-29FC4BC8A098}"
EndProject
Project("{FAE04EC0-301F-11D3-BF4B-00C04F79EFBC}") = "WpfApplication1", "WpfApplication1\WpfApplication1.csproj", "{5DCDE75F-F764-429C-8CA8-2678E315E0D2}"
EndProject
Global
	GlobalSection(SolutionConfigurationPlatforms) = preSolution
		Debug|Any CPU = Debug|Any CPU
		Release|Any CPU = Release|Any CPU
	EndGlobalSection
	GlobalSection(ProjectConfigurationPlatforms) = postSolution
		{94D78188-C056-419F-B94D-C66561CE2FC3}.Debug|Any CPU.ActiveCfg = Debug|Any CPU
		{94D78188-C056-419F-B94D-C66561CE2FC3}.Debug|Any CPU.Build.0 = Debug|Any CPU
		{94D78188-C056-419F-B94D-C66561CE2FC3}.Release|Any CPU.ActiveCfg = Release|Any CPU
		{94D78188-C056-419F-B94D-C66561CE2FC3}.Release|Any CPU.Build.0 = Release|Any CPU
		{7235A51C-EA8A-4748-9ABE-29FC4BC8A098}.Debug|Any CPU.ActiveCfg = Debug|Any CPU
		{7235A51C-EA8A-4748-9ABE-29FC4BC8A098}.Debug|Any CPU.Build.0 = Debug|Any CPU
		{7235A51C-EA8A-4748-9ABE-29FC4BC8A098}.Release|Any CPU.ActiveCfg = Release|Any CPU
		{7235A51C-EA8A-4748-9ABE-29FC4BC8A098}.Release|Any CPU.Build.0 = Release|Any CPU
		{5DCDE75F-F764-429C-8CA8-2678E315E0D2}.Debug|Any CPU.ActiveCfg = Debug|Any CPU
		{5DCDE75F-F764-429C-8CA8-2678E315E0D2}.Debug|Any CPU.Build.0 = Debug|Any CPU
		{5DCDE75F-F764-429C-8CA8-2678E315E0D2}.Release|Any CPU.ActiveCfg = Release|Any CPU
		{5DCDE75F-F764-429C-8CA8-2678E315E0D2}.Release|Any CPU.Build.0 = Release|Any CPU
	EndGlobalSection
	GlobalSection(SolutionProperties) = preSolution
		HideSolutionNode = FALSE
	EndGlobalSection
EndGlobal
