
Microsoft Visual Studio Solution File, Format Version 12.00
# Visual Studio 14
VisualStudioVersion = 14.0.25123.0
MinimumVisualStudioVersion = 10.0.40219.1
Project("{FAE04EC0-301F-11D3-BF4B-00C04F79EFBC}") = "WpfLesson02", "WpfLesson02\WpfLesson02.csproj", "{C72EE4BB-1BF5-4CF7-A9CE-CB3863EB5740}"
EndProject
Global
	GlobalSection(SolutionConfigurationPlatforms) = preSolution
		Debug|Any CPU = Debug|Any CPU
		Release|Any CPU = Release|Any CPU
	EndGlobalSection
	GlobalSection(ProjectConfigurationPlatforms) = postSolution
		{C72EE4BB-1BF5-4CF7-A9CE-CB3863EB5740}.Debug|Any CPU.ActiveCfg = Debug|Any CPU
		{C72EE4BB-1BF5-4CF7-A9CE-CB3863EB5740}.Debug|Any CPU.Build.0 = Debug|Any CPU
		{C72EE4BB-1BF5-4CF7-A9CE-CB3863EB5740}.Release|Any CPU.ActiveCfg = Release|Any CPU
		{C72EE4BB-1BF5-4CF7-A9CE-CB3863EB5740}.Release|Any CPU.Build.0 = Release|Any CPU
	EndGlobalSection
	GlobalSection(SolutionProperties) = preSolution
		HideSolutionNode = FALSE
	EndGlobalSection
EndGlobal
