
Microsoft Visual Studio Solution File, Format Version 12.00
# Visual Studio 14
VisualStudioVersion = 14.0.25123.0
MinimumVisualStudioVersion = 10.0.40219.1
Project("{FAE04EC0-301F-11D3-BF4B-00C04F79EFBC}") = "WpfLesson15", "WpfLesson15\WpfLesson15.csproj", "{B7C50817-052F-4BC1-8CA2-8506BC12B413}"
EndProject
Project("{FAE04EC0-301F-11D3-BF4B-00C04F79EFBC}") = "Fly", "Fly\Fly.csproj", "{822F80BE-23CB-489E-8692-C0EDD0ED65F1}"
EndProject
Project("{FAE04EC0-301F-11D3-BF4B-00C04F79EFBC}") = "PathAnim", "PathAnim\PathAnim.csproj", "{9C5C51B1-FC2B-41D1-B5EA-CF4C00A3606D}"
EndProject
Project("{FAE04EC0-301F-11D3-BF4B-00C04F79EFBC}") = "FlowDocuments", "FlowDocuments\FlowDocuments.csproj", "{0882C6AF-622E-4329-9A33-77A71A798BAD}"
EndProject
Project("{FAE04EC0-301F-11D3-BF4B-00C04F79EFBC}") = "RtfDemo", "RtfDemo\RtfDemo.csproj", "{0D8FA1F4-21FF-4823-A214-079DAFF86225}"
EndProject
Global
	GlobalSection(SolutionConfigurationPlatforms) = preSolution
		Debug|Any CPU = Debug|Any CPU
		Release|Any CPU = Release|Any CPU
	EndGlobalSection
	GlobalSection(ProjectConfigurationPlatforms) = postSolution
		{B7C50817-052F-4BC1-8CA2-8506BC12B413}.Debug|Any CPU.ActiveCfg = Debug|Any CPU
		{B7C50817-052F-4BC1-8CA2-8506BC12B413}.Debug|Any CPU.Build.0 = Debug|Any CPU
		{B7C50817-052F-4BC1-8CA2-8506BC12B413}.Release|Any CPU.ActiveCfg = Release|Any CPU
		{B7C50817-052F-4BC1-8CA2-8506BC12B413}.Release|Any CPU.Build.0 = Release|Any CPU
		{822F80BE-23CB-489E-8692-C0EDD0ED65F1}.Debug|Any CPU.ActiveCfg = Debug|Any CPU
		{822F80BE-23CB-489E-8692-C0EDD0ED65F1}.Debug|Any CPU.Build.0 = Debug|Any CPU
		{822F80BE-23CB-489E-8692-C0EDD0ED65F1}.Release|Any CPU.ActiveCfg = Release|Any CPU
		{822F80BE-23CB-489E-8692-C0EDD0ED65F1}.Release|Any CPU.Build.0 = Release|Any CPU
		{9C5C51B1-FC2B-41D1-B5EA-CF4C00A3606D}.Debug|Any CPU.ActiveCfg = Debug|Any CPU
		{9C5C51B1-FC2B-41D1-B5EA-CF4C00A3606D}.Debug|Any CPU.Build.0 = Debug|Any CPU
		{9C5C51B1-FC2B-41D1-B5EA-CF4C00A3606D}.Release|Any CPU.ActiveCfg = Release|Any CPU
		{9C5C51B1-FC2B-41D1-B5EA-CF4C00A3606D}.Release|Any CPU.Build.0 = Release|Any CPU
		{0882C6AF-622E-4329-9A33-77A71A798BAD}.Debug|Any CPU.ActiveCfg = Debug|Any CPU
		{0882C6AF-622E-4329-9A33-77A71A798BAD}.Debug|Any CPU.Build.0 = Debug|Any CPU
		{0882C6AF-622E-4329-9A33-77A71A798BAD}.Release|Any CPU.ActiveCfg = Release|Any CPU
		{0882C6AF-622E-4329-9A33-77A71A798BAD}.Release|Any CPU.Build.0 = Release|Any CPU
		{0D8FA1F4-21FF-4823-A214-079DAFF86225}.Debug|Any CPU.ActiveCfg = Debug|Any CPU
		{0D8FA1F4-21FF-4823-A214-079DAFF86225}.Debug|Any CPU.Build.0 = Debug|Any CPU
		{0D8FA1F4-21FF-4823-A214-079DAFF86225}.Release|Any CPU.ActiveCfg = Release|Any CPU
		{0D8FA1F4-21FF-4823-A214-079DAFF86225}.Release|Any CPU.Build.0 = Release|Any CPU
	EndGlobalSection
	GlobalSection(SolutionProperties) = preSolution
		HideSolutionNode = FALSE
	EndGlobalSection
EndGlobal
