
Microsoft Visual Studio Solution File, Format Version 12.00
# Visual Studio 14
VisualStudioVersion = 14.0.25123.0
MinimumVisualStudioVersion = 10.0.40219.1
Project("{FAE04EC0-301F-11D3-BF4B-00C04F79EFBC}") = "WpfLesson08", "WpfLesson08\WpfLesson08.csproj", "{5A3F79F0-E2D8-420C-AD26-4466BC0FBFEB}"
EndProject
Project("{FAE04EC0-301F-11D3-BF4B-00C04F79EFBC}") = "CommandsDemo", "CommandsDemo\CommandsDemo.csproj", "{78DDADEF-D765-4C8F-96C7-5933A2CB2D37}"
EndProject
Global
	GlobalSection(SolutionConfigurationPlatforms) = preSolution
		Debug|Any CPU = Debug|Any CPU
		Release|Any CPU = Release|Any CPU
	EndGlobalSection
	GlobalSection(ProjectConfigurationPlatforms) = postSolution
		{5A3F79F0-E2D8-420C-AD26-4466BC0FBFEB}.Debug|Any CPU.ActiveCfg = Debug|Any CPU
		{5A3F79F0-E2D8-420C-AD26-4466BC0FBFEB}.Debug|Any CPU.Build.0 = Debug|Any CPU
		{5A3F79F0-E2D8-420C-AD26-4466BC0FBFEB}.Release|Any CPU.ActiveCfg = Release|Any CPU
		{5A3F79F0-E2D8-420C-AD26-4466BC0FBFEB}.Release|Any CPU.Build.0 = Release|Any CPU
		{78DDADEF-D765-4C8F-96C7-5933A2CB2D37}.Debug|Any CPU.ActiveCfg = Debug|Any CPU
		{78DDADEF-D765-4C8F-96C7-5933A2CB2D37}.Debug|Any CPU.Build.0 = Debug|Any CPU
		{78DDADEF-D765-4C8F-96C7-5933A2CB2D37}.Release|Any CPU.ActiveCfg = Release|Any CPU
		{78DDADEF-D765-4C8F-96C7-5933A2CB2D37}.Release|Any CPU.Build.0 = Release|Any CPU
	EndGlobalSection
	GlobalSection(SolutionProperties) = preSolution
		HideSolutionNode = FALSE
	EndGlobalSection
EndGlobal
