
Microsoft Visual Studio Solution File, Format Version 12.00
# Visual Studio 14
VisualStudioVersion = 14.0.25123.0
MinimumVisualStudioVersion = 10.0.40219.1
Project("{FAE04EC0-301F-11D3-BF4B-00C04F79EFBC}") = "WpfLesson03", "WpfLesson03\WpfLesson03.csproj", "{DDDB6D7D-6EE5-4473-95AC-6EA2A1436AA0}"
EndProject
Project("{FAE04EC0-301F-11D3-BF4B-00C04F79EFBC}") = "EditXaml", "EditXaml\EditXaml.csproj", "{B8D400F7-9C99-425F-8E90-CD246D9AD1B3}"
EndProject
Global
	GlobalSection(SolutionConfigurationPlatforms) = preSolution
		Debug|Any CPU = Debug|Any CPU
		Release|Any CPU = Release|Any CPU
	EndGlobalSection
	GlobalSection(ProjectConfigurationPlatforms) = postSolution
		{DDDB6D7D-6EE5-4473-95AC-6EA2A1436AA0}.Debug|Any CPU.ActiveCfg = Debug|Any CPU
		{DDDB6D7D-6EE5-4473-95AC-6EA2A1436AA0}.Debug|Any CPU.Build.0 = Debug|Any CPU
		{DDDB6D7D-6EE5-4473-95AC-6EA2A1436AA0}.Release|Any CPU.ActiveCfg = Release|Any CPU
		{DDDB6D7D-6EE5-4473-95AC-6EA2A1436AA0}.Release|Any CPU.Build.0 = Release|Any CPU
		{B8D400F7-9C99-425F-8E90-CD246D9AD1B3}.Debug|Any CPU.ActiveCfg = Debug|Any CPU
		{B8D400F7-9C99-425F-8E90-CD246D9AD1B3}.Debug|Any CPU.Build.0 = Debug|Any CPU
		{B8D400F7-9C99-425F-8E90-CD246D9AD1B3}.Release|Any CPU.ActiveCfg = Release|Any CPU
		{B8D400F7-9C99-425F-8E90-CD246D9AD1B3}.Release|Any CPU.Build.0 = Release|Any CPU
	EndGlobalSection
	GlobalSection(SolutionProperties) = preSolution
		HideSolutionNode = FALSE
	EndGlobalSection
EndGlobal
