
Microsoft Visual Studio Solution File, Format Version 12.00
# Visual Studio Version 17
VisualStudioVersion = 17.1.32407.343
MinimumVisualStudioVersion = 10.0.40219.1
Project("{FAE04EC0-301F-11D3-BF4B-00C04F79EFBC}") = "WpfLesson06", "WpfLesson06\WpfLesson06.csproj", "{7F174048-B7D7-4BD4-AFA0-105B82E13010}"
EndProject
Global
	GlobalSection(SolutionConfigurationPlatforms) = preSolution
		Debug|Any CPU = Debug|Any CPU
		Release|Any CPU = Release|Any CPU
	EndGlobalSection
	GlobalSection(ProjectConfigurationPlatforms) = postSolution
		{7F174048-B7D7-4BD4-AFA0-105B82E13010}.Debug|Any CPU.ActiveCfg = Debug|Any CPU
		{7F174048-B7D7-4BD4-AFA0-105B82E13010}.Debug|Any CPU.Build.0 = Debug|Any CPU
		{7F174048-B7D7-4BD4-AFA0-105B82E13010}.Release|Any CPU.ActiveCfg = Release|Any CPU
		{7F174048-B7D7-4BD4-AFA0-105B82E13010}.Release|Any CPU.Build.0 = Release|Any CPU
	EndGlobalSection
	GlobalSection(SolutionProperties) = preSolution
		HideSolutionNode = FALSE
	EndGlobalSection
	GlobalSection(ExtensibilityGlobals) = postSolution
		SolutionGuid = {64F363C2-19CC-41B9-AB15-94FB62DBCD5D}
	EndGlobalSection
EndGlobal
