
Microsoft Visual Studio Solution File, Format Version 12.00
# Visual Studio 14
VisualStudioVersion = 14.0.25123.0
MinimumVisualStudioVersion = 10.0.40219.1
Project("{FAE04EC0-301F-11D3-BF4B-00C04F79EFBC}") = "MediaDemo", "MediaDemo\MediaDemo.csproj", "{5EAC8FE7-81A0-4A28-A143-217BFE60D0B7}"
EndProject
Project("{FAE04EC0-301F-11D3-BF4B-00C04F79EFBC}") = "SpeechDemo", "SpeechDemo\SpeechDemo.csproj", "{1A25480D-C96E-4890-A0E2-2376A672AD20}"
EndProject
Project("{FAE04EC0-301F-11D3-BF4B-00C04F79EFBC}") = "VkPlayer", "VkPlayer\VkPlayer.csproj", "{FCF003E1-7FE1-493D-8A59-12B1A5FF74CE}"
EndProject
Global
	GlobalSection(SolutionConfigurationPlatforms) = preSolution
		Debug|Any CPU = Debug|Any CPU
		Release|Any CPU = Release|Any CPU
	EndGlobalSection
	GlobalSection(ProjectConfigurationPlatforms) = postSolution
		{5EAC8FE7-81A0-4A28-A143-217BFE60D0B7}.Debug|Any CPU.ActiveCfg = Debug|Any CPU
		{5EAC8FE7-81A0-4A28-A143-217BFE60D0B7}.Debug|Any CPU.Build.0 = Debug|Any CPU
		{5EAC8FE7-81A0-4A28-A143-217BFE60D0B7}.Release|Any CPU.ActiveCfg = Release|Any CPU
		{5EAC8FE7-81A0-4A28-A143-217BFE60D0B7}.Release|Any CPU.Build.0 = Release|Any CPU
		{1A25480D-C96E-4890-A0E2-2376A672AD20}.Debug|Any CPU.ActiveCfg = Debug|Any CPU
		{1A25480D-C96E-4890-A0E2-2376A672AD20}.Debug|Any CPU.Build.0 = Debug|Any CPU
		{1A25480D-C96E-4890-A0E2-2376A672AD20}.Release|Any CPU.ActiveCfg = Release|Any CPU
		{1A25480D-C96E-4890-A0E2-2376A672AD20}.Release|Any CPU.Build.0 = Release|Any CPU
		{FCF003E1-7FE1-493D-8A59-12B1A5FF74CE}.Debug|Any CPU.ActiveCfg = Debug|Any CPU
		{FCF003E1-7FE1-493D-8A59-12B1A5FF74CE}.Debug|Any CPU.Build.0 = Debug|Any CPU
		{FCF003E1-7FE1-493D-8A59-12B1A5FF74CE}.Release|Any CPU.ActiveCfg = Release|Any CPU
		{FCF003E1-7FE1-493D-8A59-12B1A5FF74CE}.Release|Any CPU.Build.0 = Release|Any CPU
	EndGlobalSection
	GlobalSection(SolutionProperties) = preSolution
		HideSolutionNode = FALSE
	EndGlobalSection
EndGlobal
